
Microsoft Visual Studio Solution File, Format Version 12.00
# Visual Studio Version 16
VisualStudioVersion = 16.0.29806.167
MinimumVisualStudioVersion = 15.0.26124.0
Project("{9A19103F-16F7-4668-BE54-9A1E7A4F7556}") = "PwshTools.CryptSecretString", "PwshTools.CryptSecretString\PwshTools.CryptSecretString.csproj", "{6C2DB022-601C-473C-8D37-A30D4A1DA865}"
EndProject
Project("{9A19103F-16F7-4668-BE54-9A1E7A4F7556}") = "PwshTools.CryptSecretString.Tests", "PwshTools.CryptSecretString.Tests\PwshTools.CryptSecretString.Tests.csproj", "{C35263E8-5442-4DE1-98B1-A387F1AA862B}"
EndProject
Project("{FAE04EC0-301F-11D3-BF4B-00C04F79EFBC}") = "PwshTools.SetEnvironmentVariable", "PwshTools.SetEnvironmentVariable\PwshTools.SetEnvironmentVariable.csproj", "{25FE0893-55CF-448C-B230-160BCD8129E7}"
EndProject
Project("{FAE04EC0-301F-11D3-BF4B-00C04F79EFBC}") = "PwshTools.SetEnvironmentVariable.Tests", "PwshTools.SetEnvironmentVariable.Tests\PwshTools.SetEnvironmentVariable.Tests.csproj", "{DE28793F-7B79-45C0-91DB-AEFF5B021907}"
EndProject
Global
	GlobalSection(SolutionConfigurationPlatforms) = preSolution
		Debug|Any CPU = Debug|Any CPU
		Debug|x64 = Debug|x64
		Debug|x86 = Debug|x86
		Release|Any CPU = Release|Any CPU
		Release|x64 = Release|x64
		Release|x86 = Release|x86
	EndGlobalSection
	GlobalSection(ProjectConfigurationPlatforms) = postSolution
		{6C2DB022-601C-473C-8D37-A30D4A1DA865}.Debug|Any CPU.ActiveCfg = Debug|Any CPU
		{6C2DB022-601C-473C-8D37-A30D4A1DA865}.Debug|Any CPU.Build.0 = Debug|Any CPU
		{6C2DB022-601C-473C-8D37-A30D4A1DA865}.Debug|x64.ActiveCfg = Debug|Any CPU
		{6C2DB022-601C-473C-8D37-A30D4A1DA865}.Debug|x64.Build.0 = Debug|Any CPU
		{6C2DB022-601C-473C-8D37-A30D4A1DA865}.Debug|x86.ActiveCfg = Debug|Any CPU
		{6C2DB022-601C-473C-8D37-A30D4A1DA865}.Debug|x86.Build.0 = Debug|Any CPU
		{6C2DB022-601C-473C-8D37-A30D4A1DA865}.Release|Any CPU.ActiveCfg = Release|Any CPU
		{6C2DB022-601C-473C-8D37-A30D4A1DA865}.Release|Any CPU.Build.0 = Release|Any CPU
		{6C2DB022-601C-473C-8D37-A30D4A1DA865}.Release|x64.ActiveCfg = Release|Any CPU
		{6C2DB022-601C-473C-8D37-A30D4A1DA865}.Release|x64.Build.0 = Release|Any CPU
		{6C2DB022-601C-473C-8D37-A30D4A1DA865}.Release|x86.ActiveCfg = Release|Any CPU
		{6C2DB022-601C-473C-8D37-A30D4A1DA865}.Release|x86.Build.0 = Release|Any CPU
		{C35263E8-5442-4DE1-98B1-A387F1AA862B}.Debug|Any CPU.ActiveCfg = Debug|Any CPU
		{C35263E8-5442-4DE1-98B1-A387F1AA862B}.Debug|Any CPU.Build.0 = Debug|Any CPU
		{C35263E8-5442-4DE1-98B1-A387F1AA862B}.Debug|x64.ActiveCfg = Debug|Any CPU
		{C35263E8-5442-4DE1-98B1-A387F1AA862B}.Debug|x64.Build.0 = Debug|Any CPU
		{C35263E8-5442-4DE1-98B1-A387F1AA862B}.Debug|x86.ActiveCfg = Debug|Any CPU
		{C35263E8-5442-4DE1-98B1-A387F1AA862B}.Debug|x86.Build.0 = Debug|Any CPU
		{C35263E8-5442-4DE1-98B1-A387F1AA862B}.Release|Any CPU.ActiveCfg = Release|Any CPU
		{C35263E8-5442-4DE1-98B1-A387F1AA862B}.Release|Any CPU.Build.0 = Release|Any CPU
		{C35263E8-5442-4DE1-98B1-A387F1AA862B}.Release|x64.ActiveCfg = Release|Any CPU
		{C35263E8-5442-4DE1-98B1-A387F1AA862B}.Release|x64.Build.0 = Release|Any CPU
		{C35263E8-5442-4DE1-98B1-A387F1AA862B}.Release|x86.ActiveCfg = Release|Any CPU
		{C35263E8-5442-4DE1-98B1-A387F1AA862B}.Release|x86.Build.0 = Release|Any CPU
		{25FE0893-55CF-448C-B230-160BCD8129E7}.Debug|Any CPU.ActiveCfg = Debug|Any CPU
		{25FE0893-55CF-448C-B230-160BCD8129E7}.Debug|Any CPU.Build.0 = Debug|Any CPU
		{25FE0893-55CF-448C-B230-160BCD8129E7}.Debug|x64.ActiveCfg = Debug|Any CPU
		{25FE0893-55CF-448C-B230-160BCD8129E7}.Debug|x64.Build.0 = Debug|Any CPU
		{25FE0893-55CF-448C-B230-160BCD8129E7}.Debug|x86.ActiveCfg = Debug|Any CPU
		{25FE0893-55CF-448C-B230-160BCD8129E7}.Debug|x86.Build.0 = Debug|Any CPU
		{25FE0893-55CF-448C-B230-160BCD8129E7}.Release|Any CPU.ActiveCfg = Release|Any CPU
		{25FE0893-55CF-448C-B230-160BCD8129E7}.Release|Any CPU.Build.0 = Release|Any CPU
		{25FE0893-55CF-448C-B230-160BCD8129E7}.Release|x64.ActiveCfg = Release|Any CPU
		{25FE0893-55CF-448C-B230-160BCD8129E7}.Release|x64.Build.0 = Release|Any CPU
		{25FE0893-55CF-448C-B230-160BCD8129E7}.Release|x86.ActiveCfg = Release|Any CPU
		{25FE0893-55CF-448C-B230-160BCD8129E7}.Release|x86.Build.0 = Release|Any CPU
		{DE28793F-7B79-45C0-91DB-AEFF5B021907}.Debug|Any CPU.ActiveCfg = Debug|Any CPU
		{DE28793F-7B79-45C0-91DB-AEFF5B021907}.Debug|Any CPU.Build.0 = Debug|Any CPU
		{DE28793F-7B79-45C0-91DB-AEFF5B021907}.Debug|x64.ActiveCfg = Debug|Any CPU
		{DE28793F-7B79-45C0-91DB-AEFF5B021907}.Debug|x64.Build.0 = Debug|Any CPU
		{DE28793F-7B79-45C0-91DB-AEFF5B021907}.Debug|x86.ActiveCfg = Debug|Any CPU
		{DE28793F-7B79-45C0-91DB-AEFF5B021907}.Debug|x86.Build.0 = Debug|Any CPU
		{DE28793F-7B79-45C0-91DB-AEFF5B021907}.Release|Any CPU.ActiveCfg = Release|Any CPU
		{DE28793F-7B79-45C0-91DB-AEFF5B021907}.Release|Any CPU.Build.0 = Release|Any CPU
		{DE28793F-7B79-45C0-91DB-AEFF5B021907}.Release|x64.ActiveCfg = Release|Any CPU
		{DE28793F-7B79-45C0-91DB-AEFF5B021907}.Release|x64.Build.0 = Release|Any CPU
		{DE28793F-7B79-45C0-91DB-AEFF5B021907}.Release|x86.ActiveCfg = Release|Any CPU
		{DE28793F-7B79-45C0-91DB-AEFF5B021907}.Release|x86.Build.0 = Release|Any CPU
	EndGlobalSection
	GlobalSection(SolutionProperties) = preSolution
		HideSolutionNode = FALSE
	EndGlobalSection
	GlobalSection(ExtensibilityGlobals) = postSolution
		SolutionGuid = {04602C2C-FB0E-4AE7-8BF9-3467E8B4AE7F}
	EndGlobalSection
EndGlobal
